<?xml version="1.0" encoding="utf-8"?>
<Project ToolsVersion="4.0" xmlns="http://schemas.microsoft.com/developer/msbuild/2003">
  <ItemGroup>
    <ClCompile Include="src\command.cpp">
      <Filter>Source Files</Filter>
    </ClCompile>
    <ClCompile Include="src\config.cpp">
      <Filter>Source Files</Filter>
    </ClCompile>
    <ClCompile Include="src\dllmain.cpp">
      <Filter>Source Files</Filter>
    </ClCompile>
    <ClCompile Include="src\general_io.cpp">
      <Filter>Source Files</Filter>
    </ClCompile>
    <ClCompile Include="src\ini.cpp">
      <Filter>Source Files</Filter>
    </ClCompile>
    <ClCompile Include="src\log.cpp">
      <Filter>Source Files</Filter>
    </ClCompile>
    <ClCompile Include="src\parameter.cpp">
      <Filter>Source Files</Filter>
    </ClCompile>
    <ClCompile Include="src\scanner.cpp">
      <Filter>Source Files</Filter>
    </ClCompile>
    <ClCompile Include="src\sound.cpp">
      <Filter>Source Files</Filter>
    </ClCompile>
    <ClCompile Include="src\render.cpp">
      <Filter>Source Files</Filter>
    </ClCompile>
    <ClCompile Include="src\textures.cpp">
      <Filter>Source Files</Filter>
    </ClCompile>
    <ClCompile Include="src\input.cpp">
      <Filter>Source Files</Filter>
    </ClCompile>
    <ClCompile Include="src\hook.cpp">
      <Filter>Source Files</Filter>
    </ClCompile>
    <ClCompile Include="src\framerate.cpp">
      <Filter>Source Files</Filter>
    </ClCompile>
    <ClCompile Include="src\lzma\7zAlloc.c">
      <Filter>Source Files\lzma</Filter>
    </ClCompile>
    <ClCompile Include="src\lzma\7zArcIn.c">
      <Filter>Source Files\lzma</Filter>
    </ClCompile>
    <ClCompile Include="src\lzma\7zBuf.c">
      <Filter>Source Files\lzma</Filter>
    </ClCompile>
    <ClCompile Include="src\lzma\7zBuf2.c">
      <Filter>Source Files\lzma</Filter>
    </ClCompile>
    <ClCompile Include="src\lzma\7zCrc.c">
      <Filter>Source Files\lzma</Filter>
    </ClCompile>
    <ClCompile Include="src\lzma\7zCrcOpt.c">
      <Filter>Source Files\lzma</Filter>
    </ClCompile>
    <ClCompile Include="src\lzma\7zDec.c">
      <Filter>Source Files\lzma</Filter>
    </ClCompile>
    <ClCompile Include="src\lzma\7zFile.c">
      <Filter>Source Files\lzma</Filter>
    </ClCompile>
    <ClCompile Include="src\lzma\7zStream.c">
      <Filter>Source Files\lzma</Filter>
    </ClCompile>
    <ClCompile Include="src\lzma\Aes.c">
      <Filter>Source Files\lzma</Filter>
    </ClCompile>
    <ClCompile Include="src\lzma\AesOpt.c">
      <Filter>Source Files\lzma</Filter>
    </ClCompile>
    <ClCompile Include="src\lzma\Alloc.c">
      <Filter>Source Files\lzma</Filter>
    </ClCompile>
    <ClCompile Include="src\lzma\Bcj2.c">
      <Filter>Source Files\lzma</Filter>
    </ClCompile>
    <ClCompile Include="src\lzma\Bcj2Enc.c">
      <Filter>Source Files\lzma</Filter>
    </ClCompile>
    <ClCompile Include="src\lzma\Bra.c">
      <Filter>Source Files\lzma</Filter>
    </ClCompile>
    <ClCompile Include="src\lzma\Bra86.c">
      <Filter>Source Files\lzma</Filter>
    </ClCompile>
    <ClCompile Include="src\lzma\BraIA64.c">
      <Filter>Source Files\lzma</Filter>
    </ClCompile>
    <ClCompile Include="src\lzma\CpuArch.c">
      <Filter>Source Files\lzma</Filter>
    </ClCompile>
    <ClCompile Include="src\lzma\Delta.c">
      <Filter>Source Files\lzma</Filter>
    </ClCompile>
    <ClCompile Include="src\lzma\LzFind.c">
      <Filter>Source Files\lzma</Filter>
    </ClCompile>
    <ClCompile Include="src\lzma\LzFindMt.c">
      <Filter>Source Files\lzma</Filter>
    </ClCompile>
    <ClCompile Include="src\lzma\Lzma2Dec.c">
      <Filter>Source Files\lzma</Filter>
    </ClCompile>
    <ClCompile Include="src\lzma\Lzma2Enc.c">
      <Filter>Source Files\lzma</Filter>
    </ClCompile>
    <ClCompile Include="src\lzma\Lzma86Dec.c">
      <Filter>Source Files\lzma</Filter>
    </ClCompile>
    <ClCompile Include="src\lzma\Lzma86Enc.c">
      <Filter>Source Files\lzma</Filter>
    </ClCompile>
    <ClCompile Include="src\lzma\LzmaDec.c">
      <Filter>Source Files\lzma</Filter>
    </ClCompile>
    <ClCompile Include="src\lzma\LzmaEnc.c">
      <Filter>Source Files\lzma</Filter>
    </ClCompile>
    <ClCompile Include="src\lzma\LzmaLib.c">
      <Filter>Source Files\lzma</Filter>
    </ClCompile>
    <ClCompile Include="src\lzma\MtCoder.c">
      <Filter>Source Files\lzma</Filter>
    </ClCompile>
    <ClCompile Include="src\lzma\Ppmd7.c">
      <Filter>Source Files\lzma</Filter>
    </ClCompile>
    <ClCompile Include="src\lzma\Ppmd7Dec.c">
      <Filter>Source Files\lzma</Filter>
    </ClCompile>
    <ClCompile Include="src\lzma\Ppmd7Enc.c">
      <Filter>Source Files\lzma</Filter>
    </ClCompile>
    <ClCompile Include="src\lzma\Sha256.c">
      <Filter>Source Files\lzma</Filter>
    </ClCompile>
    <ClCompile Include="src\lzma\Sort.c">
      <Filter>Source Files\lzma</Filter>
    </ClCompile>
    <ClCompile Include="src\lzma\Threads.c">
      <Filter>Source Files\lzma</Filter>
    </ClCompile>
    <ClCompile Include="src\lzma\Xz.c">
      <Filter>Source Files\lzma</Filter>
    </ClCompile>
    <ClCompile Include="src\lzma\XzCrc64.c">
      <Filter>Source Files\lzma</Filter>
    </ClCompile>
    <ClCompile Include="src\lzma\XzCrc64Opt.c">
      <Filter>Source Files\lzma</Filter>
    </ClCompile>
    <ClCompile Include="src\lzma\XzDec.c">
      <Filter>Source Files\lzma</Filter>
    </ClCompile>
    <ClCompile Include="src\lzma\XzEnc.c">
      <Filter>Source Files\lzma</Filter>
    </ClCompile>
    <ClCompile Include="src\lzma\XzIn.c">
      <Filter>Source Files\lzma</Filter>
    </ClCompile>
    <ClCompile Include="src\ImGui\mod_tools.cpp">
      <Filter>Source Files\ImGui</Filter>
    </ClCompile>
    <ClCompile Include="src\ImGui\control_panel.cpp">
      <Filter>Source Files\ImGui</Filter>
    </ClCompile>
    <ClCompile Include="src\keyboard.cpp">
      <Filter>Source Files</Filter>
    </ClCompile>
    <ClCompile Include="src\tls.cpp">
      <Filter>Source Files</Filter>
    </ClCompile>
    <ClCompile Include="download.cpp">
      <Filter>Source Files\ImGui</Filter>
    </ClCompile>
    <ClCompile Include="ImGui\memory_edit.cpp">
      <Filter>Source Files\ImGui</Filter>
    </ClCompile>
  </ItemGroup>
  <ItemGroup>
    <ClInclude Include="include\command.h">
      <Filter>Header Files</Filter>
    </ClInclude>
    <ClInclude Include="include\config.h">
      <Filter>Header Files</Filter>
    </ClInclude>
    <ClInclude Include="include\framerate.h">
      <Filter>Header Files</Filter>
    </ClInclude>
    <ClInclude Include="include\general_io.h">
      <Filter>Header Files</Filter>
    </ClInclude>
    <ClInclude Include="include\hook.h">
      <Filter>Header Files</Filter>
    </ClInclude>
    <ClInclude Include="include\ini.h">
      <Filter>Header Files</Filter>
    </ClInclude>
    <ClInclude Include="include\log.h">
      <Filter>Header Files</Filter>
    </ClInclude>
    <ClInclude Include="include\parameter.h">
      <Filter>Header Files</Filter>
    </ClInclude>
    <ClInclude Include="include\render.h">
      <Filter>Header Files</Filter>
    </ClInclude>
    <ClInclude Include="include\scanner.h">
      <Filter>Header Files</Filter>
    </ClInclude>
    <ClInclude Include="include\sound.h">
      <Filter>Header Files</Filter>
    </ClInclude>
    <ClInclude Include="include\steam.h">
      <Filter>Header Files</Filter>
    </ClInclude>
    <ClInclude Include="include\textures.h">
      <Filter>Header Files</Filter>
    </ClInclude>
    <ClInclude Include="include\DLL_VERSION.H">
      <Filter>Resource Files</Filter>
    </ClInclude>
    <ClInclude Include="resource\resource.h">
      <Filter>Resource Files</Filter>
    </ClInclude>
    <ClInclude Include="include\input.h">
      <Filter>Header Files</Filter>
    </ClInclude>
    <ClInclude Include="include\imgui\imgui.h">
      <Filter>Header Files\ImGui</Filter>
    </ClInclude>
    <ClInclude Include="include\tls.h">
      <Filter>Header Files</Filter>
    </ClInclude>
  </ItemGroup>
  <ItemGroup>
    <None Include="version.ini" />
    <None Include="resource\symbols.def">
      <Filter>Resource Files</Filter>
    </None>
  </ItemGroup>
  <ItemGroup>
    <Text Include="include\keyboard.h">
      <Filter>Header Files</Filter>
    </Text>
  </ItemGroup>
  <ItemGroup>
    <Filter Include="Source Files">
      <UniqueIdentifier>{8edfe306-8f7a-4d37-b6dc-93d97e5d9308}</UniqueIdentifier>
      <Extensions>*.cpp</Extensions>
    </Filter>
    <Filter Include="Header Files">
      <UniqueIdentifier>{e5f29eb5-d14e-45e1-a2f7-c0d90b3f98ae}</UniqueIdentifier>
      <Extensions>*.h</Extensions>
    </Filter>
    <Filter Include="Resource Files">
      <UniqueIdentifier>{75d25c58-9b48-45cc-948e-40de7eb119d7}</UniqueIdentifier>
    </Filter>
    <Filter Include="Source Files\ImGui">
      <UniqueIdentifier>{7614fb09-0ecb-419e-9843-a7a83f8f3521}</UniqueIdentifier>
    </Filter>
    <Filter Include="Header Files\ImGui">
      <UniqueIdentifier>{9a0b79ba-cdc0-45eb-8818-c78ab4eab12c}</UniqueIdentifier>
    </Filter>
    <Filter Include="Source Files\lzma">
      <UniqueIdentifier>{ba7bd273-40d1-40c0-a04f-e18ec8166b92}</UniqueIdentifier>
    </Filter>
  </ItemGroup>
  <ItemGroup>
    <ResourceCompile Include="resource\version.rc">
      <Filter>Resource Files</Filter>
    </ResourceCompile>
  </ItemGroup>
</Project>