<?xml version="1.0" encoding="utf-8"?>
<Project ToolsVersion="4.0" xmlns="http://schemas.microsoft.com/developer/msbuild/2003">
  <ItemGroup>
    <ClCompile Include="src\command.cpp">
      <Filter>Source Files</Filter>
    </ClCompile>
    <ClCompile Include="src\config.cpp">
      <Filter>Source Files</Filter>
    </ClCompile>
    <ClCompile Include="src\dllmain.cpp">
      <Filter>Source Files</Filter>
    </ClCompile>
    <ClCompile Include="src\general_io.cpp">
      <Filter>Source Files</Filter>
    </ClCompile>
    <ClCompile Include="src\ini.cpp">
      <Filter>Source Files</Filter>
    </ClCompile>
    <ClCompile Include="src\log.cpp">
      <Filter>Source Files</Filter>
    </ClCompile>
    <ClCompile Include="src\parameter.cpp">
      <Filter>Source Files</Filter>
    </ClCompile>
    <ClCompile Include="src\scanner.cpp">
      <Filter>Source Files</Filter>
    </ClCompile>
    <ClCompile Include="src\sound.cpp">
      <Filter>Source Files</Filter>
    </ClCompile>
    <ClCompile Include="src\render.cpp">
      <Filter>Source Files</Filter>
    </ClCompile>
    <ClCompile Include="src\textures.cpp">
      <Filter>Source Files</Filter>
    </ClCompile>
    <ClCompile Include="src\input.cpp">
      <Filter>Source Files</Filter>
    </ClCompile>
    <ClCompile Include="src\hook.cpp">
      <Filter>Source Files</Filter>
    </ClCompile>
    <ClCompile Include="src\framerate.cpp">
      <Filter>Source Files</Filter>
    </ClCompile>
    <ClCompile Include="src\tbt\imgui_impl_dx9.cpp">
      <Filter>Source Files\Tales of Berseria Tweak</Filter>
    </ClCompile>
    <ClCompile Include="src\tbt\control_panel.cpp">
      <Filter>Source Files\Tales of Berseria Tweak</Filter>
    </ClCompile>
  </ItemGroup>
  <ItemGroup>
    <ClInclude Include="include\command.h">
      <Filter>Header Files</Filter>
    </ClInclude>
    <ClInclude Include="include\config.h">
      <Filter>Header Files</Filter>
    </ClInclude>
    <ClInclude Include="include\framerate.h">
      <Filter>Header Files</Filter>
    </ClInclude>
    <ClInclude Include="include\general_io.h">
      <Filter>Header Files</Filter>
    </ClInclude>
    <ClInclude Include="include\hook.h">
      <Filter>Header Files</Filter>
    </ClInclude>
    <ClInclude Include="include\ini.h">
      <Filter>Header Files</Filter>
    </ClInclude>
    <ClInclude Include="include\log.h">
      <Filter>Header Files</Filter>
    </ClInclude>
    <ClInclude Include="include\parameter.h">
      <Filter>Header Files</Filter>
    </ClInclude>
    <ClInclude Include="include\render.h">
      <Filter>Header Files</Filter>
    </ClInclude>
    <ClInclude Include="include\scanner.h">
      <Filter>Header Files</Filter>
    </ClInclude>
    <ClInclude Include="include\sound.h">
      <Filter>Header Files</Filter>
    </ClInclude>
    <ClInclude Include="include\steam.h">
      <Filter>Header Files</Filter>
    </ClInclude>
    <ClInclude Include="include\textures.h">
      <Filter>Header Files</Filter>
    </ClInclude>
    <ClInclude Include="include\DLL_VERSION.H">
      <Filter>Resource Files</Filter>
    </ClInclude>
    <ClInclude Include="resource\resource.h">
      <Filter>Resource Files</Filter>
    </ClInclude>
    <ClInclude Include="include\input.h">
      <Filter>Header Files</Filter>
    </ClInclude>
    <ClInclude Include="src\tbt\imgui_impl_dx9.h">
      <Filter>Header Files\Tales of Berseria Tweak</Filter>
    </ClInclude>
    <ClInclude Include="include\imgui\imconfig.h">
      <Filter>Header Files\imgui</Filter>
    </ClInclude>
    <ClInclude Include="include\imgui\imgui.h">
      <Filter>Header Files\imgui</Filter>
    </ClInclude>
    <ClInclude Include="include\imgui\imgui_internal.h">
      <Filter>Header Files\imgui</Filter>
    </ClInclude>
    <ClInclude Include="include\stb\rect_pack.h">
      <Filter>Header Files\stb</Filter>
    </ClInclude>
    <ClInclude Include="include\stb\textedit.h">
      <Filter>Header Files\stb</Filter>
    </ClInclude>
    <ClInclude Include="include\stb\truetype.h">
      <Filter>Header Files\stb</Filter>
    </ClInclude>
  </ItemGroup>
  <ItemGroup>
    <None Include="version.ini" />
    <None Include="resource\symbols.def">
      <Filter>Resource Files</Filter>
    </None>
  </ItemGroup>
  <ItemGroup>
    <Text Include="include\keyboard.h">
      <Filter>Header Files</Filter>
    </Text>
  </ItemGroup>
  <ItemGroup>
    <Filter Include="Source Files">
      <UniqueIdentifier>{8edfe306-8f7a-4d37-b6dc-93d97e5d9308}</UniqueIdentifier>
      <Extensions>*.cpp</Extensions>
    </Filter>
    <Filter Include="Header Files">
      <UniqueIdentifier>{e5f29eb5-d14e-45e1-a2f7-c0d90b3f98ae}</UniqueIdentifier>
      <Extensions>*.h</Extensions>
    </Filter>
    <Filter Include="Resource Files">
      <UniqueIdentifier>{75d25c58-9b48-45cc-948e-40de7eb119d7}</UniqueIdentifier>
    </Filter>
    <Filter Include="Source Files\imgui">
      <UniqueIdentifier>{9210efff-0c00-41e1-b760-d0a76b632352}</UniqueIdentifier>
    </Filter>
    <Filter Include="Source Files\Tales of Berseria Tweak">
      <UniqueIdentifier>{7614fb09-0ecb-419e-9843-a7a83f8f3521}</UniqueIdentifier>
    </Filter>
    <Filter Include="Header Files\imgui">
      <UniqueIdentifier>{9a0b79ba-cdc0-45eb-8818-c78ab4eab12c}</UniqueIdentifier>
    </Filter>
    <Filter Include="Header Files\stb">
      <UniqueIdentifier>{a385dfec-22b1-46dc-b1ea-a8ffa2f7c2ba}</UniqueIdentifier>
    </Filter>
    <Filter Include="Header Files\Tales of Berseria Tweak">
      <UniqueIdentifier>{5c26b66a-640f-414a-a4b6-23e2e2fa03d2}</UniqueIdentifier>
    </Filter>
  </ItemGroup>
  <ItemGroup>
    <ResourceCompile Include="resource\version.rc">
      <Filter>Resource Files</Filter>
    </ResourceCompile>
  </ItemGroup>
</Project>